// !$*UTF8*$!
{
	archiveVersion = 1;
	classes = {
	};
	objectVersion = 46;
	objects = {

/* Begin PBXBuildFile section */
		90A44E1F936B4B668EE81A3D /* libPods.a in Frameworks */ = {isa = PBXBuildFile; fileRef = 254E2E54B2C942A493C01F55 /* libPods.a */; };
		C4C9E477D59D4E429E792676 /* libPods.a in Frameworks */ = {isa = PBXBuildFile; fileRef = 254E2E54B2C942A493C01F55 /* libPods.a */; };
		E22C5B3919DDB27C00F11123 /* LAFIDESourceCodeEditor.m in Sources */ = {isa = PBXBuildFile; fileRef = E22C5B3819DDB27C00F11123 /* LAFIDESourceCodeEditor.m */; };
		E22C5B3A19DDB27C00F11123 /* LAFIDESourceCodeEditor.m in Sources */ = {isa = PBXBuildFile; fileRef = E22C5B3819DDB27C00F11123 /* LAFIDESourceCodeEditor.m */; };
		E2631D0D19DC85E900C3B141 /* LAFIDENotificationHandler.m in Sources */ = {isa = PBXBuildFile; fileRef = E2631D0C19DC85E900C3B141 /* LAFIDENotificationHandler.m */; };
		E2631D0E19DC85E900C3B141 /* LAFIDENotificationHandler.m in Sources */ = {isa = PBXBuildFile; fileRef = E2631D0C19DC85E900C3B141 /* LAFIDENotificationHandler.m */; };
		E264C7D319CC9BD700D8DAF7 /* LAFImportListView.xib in Resources */ = {isa = PBXBuildFile; fileRef = E264C7D219CC9BD700D8DAF7 /* LAFImportListView.xib */; };
		E264C7D419CC9BD700D8DAF7 /* LAFImportListView.xib in Resources */ = {isa = PBXBuildFile; fileRef = E264C7D219CC9BD700D8DAF7 /* LAFImportListView.xib */; };
		E264C7D719CC9CEA00D8DAF7 /* LAFImportListViewController.m in Sources */ = {isa = PBXBuildFile; fileRef = E264C7D619CC9CEA00D8DAF7 /* LAFImportListViewController.m */; };
		E264C7D819CC9CEA00D8DAF7 /* LAFImportListViewController.m in Sources */ = {isa = PBXBuildFile; fileRef = E264C7D619CC9CEA00D8DAF7 /* LAFImportListViewController.m */; };
		E264C7DB19CC9DEC00D8DAF7 /* LAFImportListView.m in Sources */ = {isa = PBXBuildFile; fileRef = E264C7DA19CC9DEC00D8DAF7 /* LAFImportListView.m */; };
		E264C7DC19CC9DEC00D8DAF7 /* LAFImportListView.m in Sources */ = {isa = PBXBuildFile; fileRef = E264C7DA19CC9DEC00D8DAF7 /* LAFImportListView.m */; };
		E26F40E019C0B95500527019 /* AppKit.framework in Frameworks */ = {isa = PBXBuildFile; fileRef = E26F40DF19C0B95500527019 /* AppKit.framework */; };
		E26F40E219C0B95500527019 /* Foundation.framework in Frameworks */ = {isa = PBXBuildFile; fileRef = E26F40E119C0B95500527019 /* Foundation.framework */; };
		E26F40E819C0B95500527019 /* InfoPlist.strings in Resources */ = {isa = PBXBuildFile; fileRef = E26F40E619C0B95500527019 /* InfoPlist.strings */; };
		E26F40EB19C0B95500527019 /* LAFAutoImporter.m in Sources */ = {isa = PBXBuildFile; fileRef = E26F40EA19C0B95500527019 /* LAFAutoImporter.m */; };
		E26F40F719C0C4DE00527019 /* MHXcodeDocumentNavigator.m in Sources */ = {isa = PBXBuildFile; fileRef = E26F40F519C0C4DE00527019 /* MHXcodeDocumentNavigator.m */; };
		E26F411919C0C52300527019 /* DVTSourceTextStorage+Operations.m in Sources */ = {isa = PBXBuildFile; fileRef = E26F40FA19C0C52300527019 /* DVTSourceTextStorage+Operations.m */; };
		E26F411D19C0C52300527019 /* NSArray+Operations.m in Sources */ = {isa = PBXBuildFile; fileRef = E26F410219C0C52300527019 /* NSArray+Operations.m */; };
		E26F411E19C0C52300527019 /* NSFileManager+Headers.m in Sources */ = {isa = PBXBuildFile; fileRef = E26F410419C0C52300527019 /* NSFileManager+Headers.m */; };
		E26F411F19C0C52300527019 /* NSMutableIndexSet+NSArray.m in Sources */ = {isa = PBXBuildFile; fileRef = E26F410619C0C52300527019 /* NSMutableIndexSet+NSArray.m */; };
		E26F412019C0C52300527019 /* NSObject+MHLogMethods.m in Sources */ = {isa = PBXBuildFile; fileRef = E26F410819C0C52300527019 /* NSObject+MHLogMethods.m */; };
		E26F412119C0C52300527019 /* NSString+Extensions.m in Sources */ = {isa = PBXBuildFile; fileRef = E26F410A19C0C52300527019 /* NSString+Extensions.m */; };
		E26F412219C0C52300527019 /* NSString+Files.m in Sources */ = {isa = PBXBuildFile; fileRef = E26F410C19C0C52300527019 /* NSString+Files.m */; };
		E26F412319C0C52300527019 /* NSString+MHNSRange.m in Sources */ = {isa = PBXBuildFile; fileRef = E26F410E19C0C52300527019 /* NSString+MHNSRange.m */; };
		E26F412419C0C52300527019 /* NSTextView+Operations.m in Sources */ = {isa = PBXBuildFile; fileRef = E26F411019C0C52300527019 /* NSTextView+Operations.m */; };
		E26F412519C0C52300527019 /* NSView+Dumping.m in Sources */ = {isa = PBXBuildFile; fileRef = E26F411219C0C52300527019 /* NSView+Dumping.m */; };
		E26F413719C0C56B00527019 /* NSString+XCAdditions.m in Sources */ = {isa = PBXBuildFile; fileRef = E26F412C19C0C56B00527019 /* NSString+XCAdditions.m */; };
		E26F413819C0C56B00527019 /* XCProject+Extensions.m in Sources */ = {isa = PBXBuildFile; fileRef = E26F412E19C0C56B00527019 /* XCProject+Extensions.m */; };
		E26F413A19C0C56B00527019 /* XCTarget+XCProject.m in Sources */ = {isa = PBXBuildFile; fileRef = E26F413219C0C56B00527019 /* XCTarget+XCProject.m */; };
		E26F413B19C0C56B00527019 /* XCBuildSettings.m in Sources */ = {isa = PBXBuildFile; fileRef = E26F413419C0C56B00527019 /* XCBuildSettings.m */; };
		E26F413C19C0C56B00527019 /* XCWorkspace.m in Sources */ = {isa = PBXBuildFile; fileRef = E26F413619C0C56B00527019 /* XCWorkspace.m */; };
		E2733B1C19C763BA00F55A20 /* LAFProjectsInspector.m in Sources */ = {isa = PBXBuildFile; fileRef = E2733B1B19C763BA00F55A20 /* LAFProjectsInspector.m */; };
		E2733B1D19C763BA00F55A20 /* LAFProjectsInspector.m in Sources */ = {isa = PBXBuildFile; fileRef = E2733B1B19C763BA00F55A20 /* LAFProjectsInspector.m */; };
		E29ED2AA19C9FA65002EF155 /* LAFProjectsInspectorTests.m in Sources */ = {isa = PBXBuildFile; fileRef = E29ED2A919C9FA65002EF155 /* LAFProjectsInspectorTests.m */; };
		E29ED2AD19C9FA91002EF155 /* LAFTestCase.m in Sources */ = {isa = PBXBuildFile; fileRef = E29ED2AC19C9FA91002EF155 /* LAFTestCase.m */; };
		E2AD80F119C68DF8008D33E1 /* XCTest.framework in Frameworks */ = {isa = PBXBuildFile; fileRef = E2AD80F019C68DF8008D33E1 /* XCTest.framework */; };
		E2AD80F719C68DF8008D33E1 /* InfoPlist.strings in Resources */ = {isa = PBXBuildFile; fileRef = E2AD80F519C68DF8008D33E1 /* InfoPlist.strings */; };
		E2AD80F919C68DF8008D33E1 /* LAFProjectHeaderCacheTests.m in Sources */ = {isa = PBXBuildFile; fileRef = E2AD80F819C68DF8008D33E1 /* LAFProjectHeaderCacheTests.m */; };
		E2AD810219C690AD008D33E1 /* LAFProjectHeaderCache.m in Sources */ = {isa = PBXBuildFile; fileRef = E2AD810119C690AD008D33E1 /* LAFProjectHeaderCache.m */; };
		E2AD810319C690AD008D33E1 /* LAFProjectHeaderCache.m in Sources */ = {isa = PBXBuildFile; fileRef = E2AD810119C690AD008D33E1 /* LAFProjectHeaderCache.m */; };
		E2AD810419C69549008D33E1 /* NSString+XCAdditions.m in Sources */ = {isa = PBXBuildFile; fileRef = E26F412C19C0C56B00527019 /* NSString+XCAdditions.m */; };
		E2AD810519C6954B008D33E1 /* XCProject+Extensions.m in Sources */ = {isa = PBXBuildFile; fileRef = E26F412E19C0C56B00527019 /* XCProject+Extensions.m */; };
		E2AD810619C6954E008D33E1 /* XCTarget+XCProject.m in Sources */ = {isa = PBXBuildFile; fileRef = E26F413219C0C56B00527019 /* XCTarget+XCProject.m */; };
		E2AD810719C69554008D33E1 /* XCBuildSettings.m in Sources */ = {isa = PBXBuildFile; fileRef = E26F413419C0C56B00527019 /* XCBuildSettings.m */; };
		E2AD810819C69554008D33E1 /* XCWorkspace.m in Sources */ = {isa = PBXBuildFile; fileRef = E26F413619C0C56B00527019 /* XCWorkspace.m */; };
		E2AD810919C69561008D33E1 /* DVTSourceTextStorage+Operations.m in Sources */ = {isa = PBXBuildFile; fileRef = E26F40FA19C0C52300527019 /* DVTSourceTextStorage+Operations.m */; };
		E2AD810A19C69561008D33E1 /* NSArray+Operations.m in Sources */ = {isa = PBXBuildFile; fileRef = E26F410219C0C52300527019 /* NSArray+Operations.m */; };
		E2AD810B19C69561008D33E1 /* NSFileManager+Headers.m in Sources */ = {isa = PBXBuildFile; fileRef = E26F410419C0C52300527019 /* NSFileManager+Headers.m */; };
		E2AD810C19C69561008D33E1 /* NSMutableIndexSet+NSArray.m in Sources */ = {isa = PBXBuildFile; fileRef = E26F410619C0C52300527019 /* NSMutableIndexSet+NSArray.m */; };
		E2AD810D19C69561008D33E1 /* NSObject+MHLogMethods.m in Sources */ = {isa = PBXBuildFile; fileRef = E26F410819C0C52300527019 /* NSObject+MHLogMethods.m */; };
		E2AD810E19C69561008D33E1 /* NSString+Extensions.m in Sources */ = {isa = PBXBuildFile; fileRef = E26F410A19C0C52300527019 /* NSString+Extensions.m */; };
		E2AD810F19C69561008D33E1 /* NSString+Files.m in Sources */ = {isa = PBXBuildFile; fileRef = E26F410C19C0C52300527019 /* NSString+Files.m */; };
		E2AD811019C69561008D33E1 /* NSString+MHNSRange.m in Sources */ = {isa = PBXBuildFile; fileRef = E26F410E19C0C52300527019 /* NSString+MHNSRange.m */; };
		E2AD811119C69561008D33E1 /* NSTextView+Operations.m in Sources */ = {isa = PBXBuildFile; fileRef = E26F411019C0C52300527019 /* NSTextView+Operations.m */; };
		E2AD811219C69561008D33E1 /* NSView+Dumping.m in Sources */ = {isa = PBXBuildFile; fileRef = E26F411219C0C52300527019 /* NSView+Dumping.m */; };
		E2AD811319C69561008D33E1 /* XCSourceFile+Path.m in Sources */ = {isa = PBXBuildFile; fileRef = E2F5DFF819C1EBBA00666067 /* XCSourceFile+Path.m */; };
		E2AD811419C6958E008D33E1 /* MHXcodeDocumentNavigator.m in Sources */ = {isa = PBXBuildFile; fileRef = E26F40F519C0C4DE00527019 /* MHXcodeDocumentNavigator.m */; };
		E2D78B1119EFF030009C21B7 /* LAFElementProcessor.m in Sources */ = {isa = PBXBuildFile; fileRef = E2D78B1019EFF030009C21B7 /* LAFElementProcessor.m */; };
		E2D78B1219EFF030009C21B7 /* LAFElementProcessor.m in Sources */ = {isa = PBXBuildFile; fileRef = E2D78B1019EFF030009C21B7 /* LAFElementProcessor.m */; };
		E2D78B1519EFF046009C21B7 /* LAFClassProcessor.m in Sources */ = {isa = PBXBuildFile; fileRef = E2D78B1419EFF046009C21B7 /* LAFClassProcessor.m */; };
		E2D78B1619EFF046009C21B7 /* LAFClassProcessor.m in Sources */ = {isa = PBXBuildFile; fileRef = E2D78B1419EFF046009C21B7 /* LAFClassProcessor.m */; };
		E2D78B1919EFF052009C21B7 /* LAFCategoryProcessor.m in Sources */ = {isa = PBXBuildFile; fileRef = E2D78B1819EFF052009C21B7 /* LAFCategoryProcessor.m */; };
		E2D78B1A19EFF052009C21B7 /* LAFCategoryProcessor.m in Sources */ = {isa = PBXBuildFile; fileRef = E2D78B1819EFF052009C21B7 /* LAFCategoryProcessor.m */; };
		E2D78B1D19EFF0AC009C21B7 /* LAFProtocolProcessor.m in Sources */ = {isa = PBXBuildFile; fileRef = E2D78B1C19EFF0AC009C21B7 /* LAFProtocolProcessor.m */; };
		E2D78B1E19EFF0AC009C21B7 /* LAFProtocolProcessor.m in Sources */ = {isa = PBXBuildFile; fileRef = E2D78B1C19EFF0AC009C21B7 /* LAFProtocolProcessor.m */; };
		E2D78B2119EFF4B9009C21B7 /* LAFIdentifier.m in Sources */ = {isa = PBXBuildFile; fileRef = E2D78B2019EFF4B9009C21B7 /* LAFIdentifier.m */; };
		E2D78B2219EFF4B9009C21B7 /* LAFIdentifier.m in Sources */ = {isa = PBXBuildFile; fileRef = E2D78B2019EFF4B9009C21B7 /* LAFIdentifier.m */; };
		E2F5DFF919C1EBBA00666067 /* XCSourceFile+Path.m in Sources */ = {isa = PBXBuildFile; fileRef = E2F5DFF819C1EBBA00666067 /* XCSourceFile+Path.m */; };
/* End PBXBuildFile section */

/* Begin PBXContainerItemProxy section */
		E2AD80FB19C68DF8008D33E1 /* PBXContainerItemProxy */ = {
			isa = PBXContainerItemProxy;
			containerPortal = E26F40D419C0B95500527019 /* Project object */;
			proxyType = 1;
			remoteGlobalIDString = E26F40DB19C0B95500527019;
			remoteInfo = AutoImporter;
		};
/* End PBXContainerItemProxy section */

/* Begin PBXFileReference section */
		254E2E54B2C942A493C01F55 /* libPods.a */ = {isa = PBXFileReference; explicitFileType = archive.ar; includeInIndex = 0; path = libPods.a; sourceTree = BUILT_PRODUCTS_DIR; };
		4E530B97FAF5EFF3B02DAA89 /* Pods.debug.xcconfig */ = {isa = PBXFileReference; includeInIndex = 1; lastKnownFileType = text.xcconfig; name = Pods.debug.xcconfig; path = "Pods/Target Support Files/Pods/Pods.debug.xcconfig"; sourceTree = "<group>"; };
		845E8E503B30B9CA14DF168F /* Pods.release.xcconfig */ = {isa = PBXFileReference; includeInIndex = 1; lastKnownFileType = text.xcconfig; name = Pods.release.xcconfig; path = "Pods/Target Support Files/Pods/Pods.release.xcconfig"; sourceTree = "<group>"; };
		E22C5B3619DD842900F11123 /* LAFLogger.h */ = {isa = PBXFileReference; fileEncoding = 4; lastKnownFileType = sourcecode.c.h; path = LAFLogger.h; sourceTree = "<group>"; };
		E22C5B3719DDB27C00F11123 /* LAFIDESourceCodeEditor.h */ = {isa = PBXFileReference; fileEncoding = 4; lastKnownFileType = sourcecode.c.h; path = LAFIDESourceCodeEditor.h; sourceTree = "<group>"; };
		E22C5B3819DDB27C00F11123 /* LAFIDESourceCodeEditor.m */ = {isa = PBXFileReference; fileEncoding = 4; lastKnownFileType = sourcecode.c.objc; path = LAFIDESourceCodeEditor.m; sourceTree = "<group>"; };
		E2631D0B19DC85E900C3B141 /* LAFIDENotificationHandler.h */ = {isa = PBXFileReference; fileEncoding = 4; lastKnownFileType = sourcecode.c.h; path = LAFIDENotificationHandler.h; sourceTree = "<group>"; };
		E2631D0C19DC85E900C3B141 /* LAFIDENotificationHandler.m */ = {isa = PBXFileReference; fileEncoding = 4; lastKnownFileType = sourcecode.c.objc; path = LAFIDENotificationHandler.m; sourceTree = "<group>"; };
		E264C7D219CC9BD700D8DAF7 /* LAFImportListView.xib */ = {isa = PBXFileReference; fileEncoding = 4; lastKnownFileType = file.xib; name = LAFImportListView.xib; path = AutoImporter/LAFImportListView.xib; sourceTree = SOURCE_ROOT; };
		E264C7D519CC9CEA00D8DAF7 /* LAFImportListViewController.h */ = {isa = PBXFileReference; fileEncoding = 4; lastKnownFileType = sourcecode.c.h; path = LAFImportListViewController.h; sourceTree = "<group>"; };
		E264C7D619CC9CEA00D8DAF7 /* LAFImportListViewController.m */ = {isa = PBXFileReference; fileEncoding = 4; lastKnownFileType = sourcecode.c.objc; path = LAFImportListViewController.m; sourceTree = "<group>"; };
		E264C7D919CC9DEC00D8DAF7 /* LAFImportListView.h */ = {isa = PBXFileReference; fileEncoding = 4; lastKnownFileType = sourcecode.c.h; path = LAFImportListView.h; sourceTree = "<group>"; };
		E264C7DA19CC9DEC00D8DAF7 /* LAFImportListView.m */ = {isa = PBXFileReference; fileEncoding = 4; lastKnownFileType = sourcecode.c.objc; path = LAFImportListView.m; sourceTree = "<group>"; };
		E26F40DC19C0B95500527019 /* Auto-Importer.xcplugin */ = {isa = PBXFileReference; explicitFileType = wrapper.cfbundle; includeInIndex = 0; path = "Auto-Importer.xcplugin"; sourceTree = BUILT_PRODUCTS_DIR; };
		E26F40DF19C0B95500527019 /* AppKit.framework */ = {isa = PBXFileReference; lastKnownFileType = wrapper.framework; name = AppKit.framework; path = System/Library/Frameworks/AppKit.framework; sourceTree = SDKROOT; };
		E26F40E119C0B95500527019 /* Foundation.framework */ = {isa = PBXFileReference; lastKnownFileType = wrapper.framework; name = Foundation.framework; path = System/Library/Frameworks/Foundation.framework; sourceTree = SDKROOT; };
		E26F40E519C0B95500527019 /* AutoImporter-Info.plist */ = {isa = PBXFileReference; lastKnownFileType = text.plist.xml; path = "AutoImporter-Info.plist"; sourceTree = "<group>"; };
		E26F40E719C0B95500527019 /* en */ = {isa = PBXFileReference; lastKnownFileType = text.plist.strings; name = en; path = en.lproj/InfoPlist.strings; sourceTree = "<group>"; };
		E26F40E919C0B95500527019 /* LAFAutoImporter.h */ = {isa = PBXFileReference; lastKnownFileType = sourcecode.c.h; path = LAFAutoImporter.h; sourceTree = "<group>"; };
		E26F40EA19C0B95500527019 /* LAFAutoImporter.m */ = {isa = PBXFileReference; lastKnownFileType = sourcecode.c.objc; path = LAFAutoImporter.m; sourceTree = "<group>"; };
		E26F40EC19C0B95500527019 /* AutoImporter-Prefix.pch */ = {isa = PBXFileReference; lastKnownFileType = sourcecode.c.h; path = "AutoImporter-Prefix.pch"; sourceTree = "<group>"; };
		E26F40F419C0C4DE00527019 /* MHXcodeDocumentNavigator.h */ = {isa = PBXFileReference; fileEncoding = 4; lastKnownFileType = sourcecode.c.h; path = MHXcodeDocumentNavigator.h; sourceTree = "<group>"; };
		E26F40F519C0C4DE00527019 /* MHXcodeDocumentNavigator.m */ = {isa = PBXFileReference; fileEncoding = 4; lastKnownFileType = sourcecode.c.objc; path = MHXcodeDocumentNavigator.m; sourceTree = "<group>"; };
		E26F40F619C0C4DE00527019 /* XCFXcodePrivate.h */ = {isa = PBXFileReference; fileEncoding = 4; lastKnownFileType = sourcecode.c.h; path = XCFXcodePrivate.h; sourceTree = "<group>"; };
		E26F40F919C0C52300527019 /* DVTSourceTextStorage+Operations.h */ = {isa = PBXFileReference; fileEncoding = 4; lastKnownFileType = sourcecode.c.h; path = "DVTSourceTextStorage+Operations.h"; sourceTree = "<group>"; };
		E26F40FA19C0C52300527019 /* DVTSourceTextStorage+Operations.m */ = {isa = PBXFileReference; fileEncoding = 4; lastKnownFileType = sourcecode.c.objc; path = "DVTSourceTextStorage+Operations.m"; sourceTree = "<group>"; };
		E26F410119C0C52300527019 /* NSArray+Operations.h */ = {isa = PBXFileReference; fileEncoding = 4; lastKnownFileType = sourcecode.c.h; path = "NSArray+Operations.h"; sourceTree = "<group>"; };
		E26F410219C0C52300527019 /* NSArray+Operations.m */ = {isa = PBXFileReference; fileEncoding = 4; lastKnownFileType = sourcecode.c.objc; path = "NSArray+Operations.m"; sourceTree = "<group>"; };
		E26F410319C0C52300527019 /* NSFileManager+Headers.h */ = {isa = PBXFileReference; fileEncoding = 4; lastKnownFileType = sourcecode.c.h; path = "NSFileManager+Headers.h"; sourceTree = "<group>"; };
		E26F410419C0C52300527019 /* NSFileManager+Headers.m */ = {isa = PBXFileReference; fileEncoding = 4; lastKnownFileType = sourcecode.c.objc; path = "NSFileManager+Headers.m"; sourceTree = "<group>"; };
		E26F410519C0C52300527019 /* NSMutableIndexSet+NSArray.h */ = {isa = PBXFileReference; fileEncoding = 4; lastKnownFileType = sourcecode.c.h; path = "NSMutableIndexSet+NSArray.h"; sourceTree = "<group>"; };
		E26F410619C0C52300527019 /* NSMutableIndexSet+NSArray.m */ = {isa = PBXFileReference; fileEncoding = 4; lastKnownFileType = sourcecode.c.objc; path = "NSMutableIndexSet+NSArray.m"; sourceTree = "<group>"; };
		E26F410719C0C52300527019 /* NSObject+MHLogMethods.h */ = {isa = PBXFileReference; fileEncoding = 4; lastKnownFileType = sourcecode.c.h; path = "NSObject+MHLogMethods.h"; sourceTree = "<group>"; };
		E26F410819C0C52300527019 /* NSObject+MHLogMethods.m */ = {isa = PBXFileReference; fileEncoding = 4; lastKnownFileType = sourcecode.c.objc; path = "NSObject+MHLogMethods.m"; sourceTree = "<group>"; };
		E26F410919C0C52300527019 /* NSString+Extensions.h */ = {isa = PBXFileReference; fileEncoding = 4; lastKnownFileType = sourcecode.c.h; path = "NSString+Extensions.h"; sourceTree = "<group>"; };
		E26F410A19C0C52300527019 /* NSString+Extensions.m */ = {isa = PBXFileReference; fileEncoding = 4; lastKnownFileType = sourcecode.c.objc; path = "NSString+Extensions.m"; sourceTree = "<group>"; };
		E26F410B19C0C52300527019 /* NSString+Files.h */ = {isa = PBXFileReference; fileEncoding = 4; lastKnownFileType = sourcecode.c.h; path = "NSString+Files.h"; sourceTree = "<group>"; };
		E26F410C19C0C52300527019 /* NSString+Files.m */ = {isa = PBXFileReference; fileEncoding = 4; lastKnownFileType = sourcecode.c.objc; path = "NSString+Files.m"; sourceTree = "<group>"; };
		E26F410D19C0C52300527019 /* NSString+MHNSRange.h */ = {isa = PBXFileReference; fileEncoding = 4; lastKnownFileType = sourcecode.c.h; path = "NSString+MHNSRange.h"; sourceTree = "<group>"; };
		E26F410E19C0C52300527019 /* NSString+MHNSRange.m */ = {isa = PBXFileReference; fileEncoding = 4; lastKnownFileType = sourcecode.c.objc; path = "NSString+MHNSRange.m"; sourceTree = "<group>"; };
		E26F410F19C0C52300527019 /* NSTextView+Operations.h */ = {isa = PBXFileReference; fileEncoding = 4; lastKnownFileType = sourcecode.c.h; path = "NSTextView+Operations.h"; sourceTree = "<group>"; };
		E26F411019C0C52300527019 /* NSTextView+Operations.m */ = {isa = PBXFileReference; fileEncoding = 4; lastKnownFileType = sourcecode.c.objc; path = "NSTextView+Operations.m"; sourceTree = "<group>"; };
		E26F411119C0C52300527019 /* NSView+Dumping.h */ = {isa = PBXFileReference; fileEncoding = 4; lastKnownFileType = sourcecode.c.h; path = "NSView+Dumping.h"; sourceTree = "<group>"; };
		E26F411219C0C52300527019 /* NSView+Dumping.m */ = {isa = PBXFileReference; fileEncoding = 4; lastKnownFileType = sourcecode.c.objc; path = "NSView+Dumping.m"; sourceTree = "<group>"; };
		E26F412B19C0C56B00527019 /* NSString+XCAdditions.h */ = {isa = PBXFileReference; fileEncoding = 4; lastKnownFileType = sourcecode.c.h; path = "NSString+XCAdditions.h"; sourceTree = "<group>"; };
		E26F412C19C0C56B00527019 /* NSString+XCAdditions.m */ = {isa = PBXFileReference; fileEncoding = 4; lastKnownFileType = sourcecode.c.objc; path = "NSString+XCAdditions.m"; sourceTree = "<group>"; };
		E26F412D19C0C56B00527019 /* XCProject+Extensions.h */ = {isa = PBXFileReference; fileEncoding = 4; lastKnownFileType = sourcecode.c.h; path = "XCProject+Extensions.h"; sourceTree = "<group>"; };
		E26F412E19C0C56B00527019 /* XCProject+Extensions.m */ = {isa = PBXFileReference; fileEncoding = 4; lastKnownFileType = sourcecode.c.objc; path = "XCProject+Extensions.m"; sourceTree = "<group>"; };
		E26F413119C0C56B00527019 /* XCTarget+XCProject.h */ = {isa = PBXFileReference; fileEncoding = 4; lastKnownFileType = sourcecode.c.h; path = "XCTarget+XCProject.h"; sourceTree = "<group>"; };
		E26F413219C0C56B00527019 /* XCTarget+XCProject.m */ = {isa = PBXFileReference; fileEncoding = 4; lastKnownFileType = sourcecode.c.objc; path = "XCTarget+XCProject.m"; sourceTree = "<group>"; };
		E26F413319C0C56B00527019 /* XCBuildSettings.h */ = {isa = PBXFileReference; fileEncoding = 4; lastKnownFileType = sourcecode.c.h; path = XCBuildSettings.h; sourceTree = "<group>"; };
		E26F413419C0C56B00527019 /* XCBuildSettings.m */ = {isa = PBXFileReference; fileEncoding = 4; lastKnownFileType = sourcecode.c.objc; path = XCBuildSettings.m; sourceTree = "<group>"; };
		E26F413519C0C56B00527019 /* XCWorkspace.h */ = {isa = PBXFileReference; fileEncoding = 4; lastKnownFileType = sourcecode.c.h; path = XCWorkspace.h; sourceTree = "<group>"; };
		E26F413619C0C56B00527019 /* XCWorkspace.m */ = {isa = PBXFileReference; fileEncoding = 4; lastKnownFileType = sourcecode.c.objc; path = XCWorkspace.m; sourceTree = "<group>"; };
		E2733B1A19C763BA00F55A20 /* LAFProjectsInspector.h */ = {isa = PBXFileReference; fileEncoding = 4; lastKnownFileType = sourcecode.c.h; path = LAFProjectsInspector.h; sourceTree = "<group>"; };
		E2733B1B19C763BA00F55A20 /* LAFProjectsInspector.m */ = {isa = PBXFileReference; fileEncoding = 4; lastKnownFileType = sourcecode.c.objc; path = LAFProjectsInspector.m; sourceTree = "<group>"; };
		E29ED2A919C9FA65002EF155 /* LAFProjectsInspectorTests.m */ = {isa = PBXFileReference; fileEncoding = 4; lastKnownFileType = sourcecode.c.objc; path = LAFProjectsInspectorTests.m; sourceTree = "<group>"; };
		E29ED2AB19C9FA91002EF155 /* LAFTestCase.h */ = {isa = PBXFileReference; fileEncoding = 4; lastKnownFileType = sourcecode.c.h; path = LAFTestCase.h; sourceTree = "<group>"; };
		E29ED2AC19C9FA91002EF155 /* LAFTestCase.m */ = {isa = PBXFileReference; fileEncoding = 4; lastKnownFileType = sourcecode.c.objc; path = LAFTestCase.m; sourceTree = "<group>"; };
		E2AD80EF19C68DF8008D33E1 /* Auto-ImporterTests.xctest */ = {isa = PBXFileReference; explicitFileType = wrapper.cfbundle; includeInIndex = 0; path = "Auto-ImporterTests.xctest"; sourceTree = BUILT_PRODUCTS_DIR; };
		E2AD80F019C68DF8008D33E1 /* XCTest.framework */ = {isa = PBXFileReference; lastKnownFileType = wrapper.framework; name = XCTest.framework; path = Library/Frameworks/XCTest.framework; sourceTree = DEVELOPER_DIR; };
		E2AD80F419C68DF8008D33E1 /* AutoImporterTests-Info.plist */ = {isa = PBXFileReference; lastKnownFileType = text.plist.xml; path = "AutoImporterTests-Info.plist"; sourceTree = "<group>"; };
		E2AD80F619C68DF8008D33E1 /* en */ = {isa = PBXFileReference; lastKnownFileType = text.plist.strings; name = en; path = en.lproj/InfoPlist.strings; sourceTree = "<group>"; };
		E2AD80F819C68DF8008D33E1 /* LAFProjectHeaderCacheTests.m */ = {isa = PBXFileReference; lastKnownFileType = sourcecode.c.objc; path = LAFProjectHeaderCacheTests.m; sourceTree = "<group>"; };
		E2AD80FA19C68DF8008D33E1 /* AutoImporterTests-Prefix.pch */ = {isa = PBXFileReference; lastKnownFileType = sourcecode.c.h; path = "AutoImporterTests-Prefix.pch"; sourceTree = "<group>"; };
		E2AD810019C690AD008D33E1 /* LAFProjectHeaderCache.h */ = {isa = PBXFileReference; fileEncoding = 4; lastKnownFileType = sourcecode.c.h; path = LAFProjectHeaderCache.h; sourceTree = "<group>"; };
		E2AD810119C690AD008D33E1 /* LAFProjectHeaderCache.m */ = {isa = PBXFileReference; fileEncoding = 4; lastKnownFileType = sourcecode.c.objc; path = LAFProjectHeaderCache.m; sourceTree = "<group>"; };
		E2AD811619C695B5008D33E1 /* libPods-XcodeEditor.a */ = {isa = PBXFileReference; lastKnownFileType = archive.ar; name = "libPods-XcodeEditor.a"; path = "../../../Library/Developer/Xcode/DerivedData/AutoImporter-cceunrmpqmnhdigbhxyrqyfmkjee/Build/Products/Debug/libPods-XcodeEditor.a"; sourceTree = "<group>"; };
		E2D78B0F19EFF030009C21B7 /* LAFElementProcessor.h */ = {isa = PBXFileReference; fileEncoding = 4; lastKnownFileType = sourcecode.c.h; path = LAFElementProcessor.h; sourceTree = "<group>"; };
		E2D78B1019EFF030009C21B7 /* LAFElementProcessor.m */ = {isa = PBXFileReference; fileEncoding = 4; lastKnownFileType = sourcecode.c.objc; path = LAFElementProcessor.m; sourceTree = "<group>"; };
		E2D78B1319EFF046009C21B7 /* LAFClassProcessor.h */ = {isa = PBXFileReference; fileEncoding = 4; lastKnownFileType = sourcecode.c.h; path = LAFClassProcessor.h; sourceTree = "<group>"; };
		E2D78B1419EFF046009C21B7 /* LAFClassProcessor.m */ = {isa = PBXFileReference; fileEncoding = 4; lastKnownFileType = sourcecode.c.objc; path = LAFClassProcessor.m; sourceTree = "<group>"; };
		E2D78B1719EFF052009C21B7 /* LAFCategoryProcessor.h */ = {isa = PBXFileReference; fileEncoding = 4; lastKnownFileType = sourcecode.c.h; path = LAFCategoryProcessor.h; sourceTree = "<group>"; };
		E2D78B1819EFF052009C21B7 /* LAFCategoryProcessor.m */ = {isa = PBXFileReference; fileEncoding = 4; lastKnownFileType = sourcecode.c.objc; path = LAFCategoryProcessor.m; sourceTree = "<group>"; };
		E2D78B1B19EFF0AC009C21B7 /* LAFProtocolProcessor.h */ = {isa = PBXFileReference; fileEncoding = 4; lastKnownFileType = sourcecode.c.h; path = LAFProtocolProcessor.h; sourceTree = "<group>"; };
		E2D78B1C19EFF0AC009C21B7 /* LAFProtocolProcessor.m */ = {isa = PBXFileReference; fileEncoding = 4; lastKnownFileType = sourcecode.c.objc; path = LAFProtocolProcessor.m; sourceTree = "<group>"; };
		E2D78B1F19EFF4B9009C21B7 /* LAFIdentifier.h */ = {isa = PBXFileReference; fileEncoding = 4; lastKnownFileType = sourcecode.c.h; path = LAFIdentifier.h; sourceTree = "<group>"; };
		E2D78B2019EFF4B9009C21B7 /* LAFIdentifier.m */ = {isa = PBXFileReference; fileEncoding = 4; lastKnownFileType = sourcecode.c.objc; path = LAFIdentifier.m; sourceTree = "<group>"; };
		E2F5DFF719C1EBBA00666067 /* XCSourceFile+Path.h */ = {isa = PBXFileReference; fileEncoding = 4; lastKnownFileType = sourcecode.c.h; path = "XCSourceFile+Path.h"; sourceTree = "<group>"; };
		E2F5DFF819C1EBBA00666067 /* XCSourceFile+Path.m */ = {isa = PBXFileReference; fileEncoding = 4; lastKnownFileType = sourcecode.c.objc; path = "XCSourceFile+Path.m"; sourceTree = "<group>"; };
/* End PBXFileReference section */

/* Begin PBXFrameworksBuildPhase section */
		E26F40D919C0B95500527019 /* Frameworks */ = {
			isa = PBXFrameworksBuildPhase;
			buildActionMask = 2147483647;
			files = (
				E26F40E019C0B95500527019 /* AppKit.framework in Frameworks */,
				E26F40E219C0B95500527019 /* Foundation.framework in Frameworks */,
				C4C9E477D59D4E429E792676 /* libPods.a in Frameworks */,
			);
			runOnlyForDeploymentPostprocessing = 0;
		};
		E2AD80EC19C68DF8008D33E1 /* Frameworks */ = {
			isa = PBXFrameworksBuildPhase;
			buildActionMask = 2147483647;
			files = (
				E2AD80F119C68DF8008D33E1 /* XCTest.framework in Frameworks */,
				90A44E1F936B4B668EE81A3D /* libPods.a in Frameworks */,
			);
			runOnlyForDeploymentPostprocessing = 0;
		};
/* End PBXFrameworksBuildPhase section */

/* Begin PBXGroup section */
		C036A8EE277DF43B5ADBD288 /* Pods */ = {
			isa = PBXGroup;
			children = (
				4E530B97FAF5EFF3B02DAA89 /* Pods.debug.xcconfig */,
				845E8E503B30B9CA14DF168F /* Pods.release.xcconfig */,
			);
			name = Pods;
			sourceTree = "<group>";
		};
		E26F40D319C0B95500527019 = {
			isa = PBXGroup;
			children = (
				E26F40E319C0B95500527019 /* AutoImporter */,
				E2AD80F219C68DF8008D33E1 /* AutoImporterTests */,
				E26F40DE19C0B95500527019 /* Frameworks */,
				E26F40DD19C0B95500527019 /* Products */,
				C036A8EE277DF43B5ADBD288 /* Pods */,
			);
			sourceTree = "<group>";
		};
		E26F40DD19C0B95500527019 /* Products */ = {
			isa = PBXGroup;
			children = (
				E26F40DC19C0B95500527019 /* Auto-Importer.xcplugin */,
				E2AD80EF19C68DF8008D33E1 /* Auto-ImporterTests.xctest */,
			);
			name = Products;
			sourceTree = "<group>";
		};
		E26F40DE19C0B95500527019 /* Frameworks */ = {
			isa = PBXGroup;
			children = (
				E2AD811619C695B5008D33E1 /* libPods-XcodeEditor.a */,
				E26F40DF19C0B95500527019 /* AppKit.framework */,
				E26F40E119C0B95500527019 /* Foundation.framework */,
				254E2E54B2C942A493C01F55 /* libPods.a */,
				E2AD80F019C68DF8008D33E1 /* XCTest.framework */,
			);
			name = Frameworks;
			sourceTree = "<group>";
		};
		E26F40E319C0B95500527019 /* AutoImporter */ = {
			isa = PBXGroup;
			children = (
				E2D78B0E19EFF005009C21B7 /* Processors */,
				E26F40F819C0C52300527019 /* Categories */,
				E26F40F219C0C4DE00527019 /* External */,
				E26F40E919C0B95500527019 /* LAFAutoImporter.h */,
				E26F40EA19C0B95500527019 /* LAFAutoImporter.m */,
				E2AD810019C690AD008D33E1 /* LAFProjectHeaderCache.h */,
				E2AD810119C690AD008D33E1 /* LAFProjectHeaderCache.m */,
				E2733B1A19C763BA00F55A20 /* LAFProjectsInspector.h */,
				E2733B1B19C763BA00F55A20 /* LAFProjectsInspector.m */,
				E264C7D519CC9CEA00D8DAF7 /* LAFImportListViewController.h */,
				E264C7D619CC9CEA00D8DAF7 /* LAFImportListViewController.m */,
				E264C7D219CC9BD700D8DAF7 /* LAFImportListView.xib */,
				E264C7D919CC9DEC00D8DAF7 /* LAFImportListView.h */,
				E264C7DA19CC9DEC00D8DAF7 /* LAFImportListView.m */,
				E2631D0B19DC85E900C3B141 /* LAFIDENotificationHandler.h */,
				E2631D0C19DC85E900C3B141 /* LAFIDENotificationHandler.m */,
				E22C5B3719DDB27C00F11123 /* LAFIDESourceCodeEditor.h */,
				E22C5B3819DDB27C00F11123 /* LAFIDESourceCodeEditor.m */,
				E22C5B3619DD842900F11123 /* LAFLogger.h */,
				E2D78B1F19EFF4B9009C21B7 /* LAFIdentifier.h */,
				E2D78B2019EFF4B9009C21B7 /* LAFIdentifier.m */,
				E26F40E419C0B95500527019 /* Supporting Files */,
			);
			path = AutoImporter;
			sourceTree = "<group>";
		};
		E26F40E419C0B95500527019 /* Supporting Files */ = {
			isa = PBXGroup;
			children = (
				E26F40E519C0B95500527019 /* AutoImporter-Info.plist */,
				E26F40E619C0B95500527019 /* InfoPlist.strings */,
				E26F40EC19C0B95500527019 /* AutoImporter-Prefix.pch */,
			);
			name = "Supporting Files";
			sourceTree = "<group>";
		};
		E26F40F219C0C4DE00527019 /* External */ = {
			isa = PBXGroup;
			children = (
				E26F412919C0C56B00527019 /* XcodeEditor */,
				E26F40F319C0C4DE00527019 /* Benoit */,
			);
			path = External;
			sourceTree = "<group>";
		};
		E26F40F319C0C4DE00527019 /* Benoit */ = {
			isa = PBXGroup;
			children = (
				E26F40F419C0C4DE00527019 /* MHXcodeDocumentNavigator.h */,
				E26F40F519C0C4DE00527019 /* MHXcodeDocumentNavigator.m */,
				E26F40F619C0C4DE00527019 /* XCFXcodePrivate.h */,
			);
			path = Benoit;
			sourceTree = "<group>";
		};
		E26F40F819C0C52300527019 /* Categories */ = {
			isa = PBXGroup;
			children = (
				E26F40F919C0C52300527019 /* DVTSourceTextStorage+Operations.h */,
				E26F40FA19C0C52300527019 /* DVTSourceTextStorage+Operations.m */,
				E26F410119C0C52300527019 /* NSArray+Operations.h */,
				E26F410219C0C52300527019 /* NSArray+Operations.m */,
				E26F410319C0C52300527019 /* NSFileManager+Headers.h */,
				E26F410419C0C52300527019 /* NSFileManager+Headers.m */,
				E26F410519C0C52300527019 /* NSMutableIndexSet+NSArray.h */,
				E26F410619C0C52300527019 /* NSMutableIndexSet+NSArray.m */,
				E26F410719C0C52300527019 /* NSObject+MHLogMethods.h */,
				E26F410819C0C52300527019 /* NSObject+MHLogMethods.m */,
				E26F410919C0C52300527019 /* NSString+Extensions.h */,
				E26F410A19C0C52300527019 /* NSString+Extensions.m */,
				E26F410B19C0C52300527019 /* NSString+Files.h */,
				E26F410C19C0C52300527019 /* NSString+Files.m */,
				E26F410D19C0C52300527019 /* NSString+MHNSRange.h */,
				E26F410E19C0C52300527019 /* NSString+MHNSRange.m */,
				E26F410F19C0C52300527019 /* NSTextView+Operations.h */,
				E26F411019C0C52300527019 /* NSTextView+Operations.m */,
				E26F411119C0C52300527019 /* NSView+Dumping.h */,
				E26F411219C0C52300527019 /* NSView+Dumping.m */,
				E2F5DFF719C1EBBA00666067 /* XCSourceFile+Path.h */,
				E2F5DFF819C1EBBA00666067 /* XCSourceFile+Path.m */,
			);
			path = Categories;
			sourceTree = "<group>";
		};
		E26F412919C0C56B00527019 /* XcodeEditor */ = {
			isa = PBXGroup;
			children = (
				E26F412A19C0C56B00527019 /* Categories */,
				E26F413319C0C56B00527019 /* XCBuildSettings.h */,
				E26F413419C0C56B00527019 /* XCBuildSettings.m */,
				E26F413519C0C56B00527019 /* XCWorkspace.h */,
				E26F413619C0C56B00527019 /* XCWorkspace.m */,
			);
			path = XcodeEditor;
			sourceTree = "<group>";
		};
		E26F412A19C0C56B00527019 /* Categories */ = {
			isa = PBXGroup;
			children = (
				E26F412B19C0C56B00527019 /* NSString+XCAdditions.h */,
				E26F412C19C0C56B00527019 /* NSString+XCAdditions.m */,
				E26F412D19C0C56B00527019 /* XCProject+Extensions.h */,
				E26F412E19C0C56B00527019 /* XCProject+Extensions.m */,
				E26F413119C0C56B00527019 /* XCTarget+XCProject.h */,
				E26F413219C0C56B00527019 /* XCTarget+XCProject.m */,
			);
			path = Categories;
			sourceTree = "<group>";
		};
		E2AD80F219C68DF8008D33E1 /* AutoImporterTests */ = {
			isa = PBXGroup;
			children = (
				E29ED2AB19C9FA91002EF155 /* LAFTestCase.h */,
				E29ED2AC19C9FA91002EF155 /* LAFTestCase.m */,
				E29ED2A919C9FA65002EF155 /* LAFProjectsInspectorTests.m */,
				E2AD80F819C68DF8008D33E1 /* LAFProjectHeaderCacheTests.m */,
				E2AD80F319C68DF8008D33E1 /* Supporting Files */,
			);
			path = AutoImporterTests;
			sourceTree = "<group>";
		};
		E2AD80F319C68DF8008D33E1 /* Supporting Files */ = {
			isa = PBXGroup;
			children = (
				E2AD80F419C68DF8008D33E1 /* AutoImporterTests-Info.plist */,
				E2AD80F519C68DF8008D33E1 /* InfoPlist.strings */,
				E2AD80FA19C68DF8008D33E1 /* AutoImporterTests-Prefix.pch */,
			);
			name = "Supporting Files";
			sourceTree = "<group>";
		};
		E2D78B0E19EFF005009C21B7 /* Processors */ = {
			isa = PBXGroup;
			children = (
				E2D78B0F19EFF030009C21B7 /* LAFElementProcessor.h */,
				E2D78B1019EFF030009C21B7 /* LAFElementProcessor.m */,
				E2D78B1319EFF046009C21B7 /* LAFClassProcessor.h */,
				E2D78B1419EFF046009C21B7 /* LAFClassProcessor.m */,
				E2D78B1719EFF052009C21B7 /* LAFCategoryProcessor.h */,
				E2D78B1819EFF052009C21B7 /* LAFCategoryProcessor.m */,
				E2D78B1B19EFF0AC009C21B7 /* LAFProtocolProcessor.h */,
				E2D78B1C19EFF0AC009C21B7 /* LAFProtocolProcessor.m */,
			);
			name = Processors;
			sourceTree = "<group>";
		};
/* End PBXGroup section */

/* Begin PBXNativeTarget section */
		E26F40DB19C0B95500527019 /* Auto-Importer */ = {
			isa = PBXNativeTarget;
			buildConfigurationList = E26F40EF19C0B95500527019 /* Build configuration list for PBXNativeTarget "Auto-Importer" */;
			buildPhases = (
				63FB692D67944E09B153F967 /* Check Pods Manifest.lock */,
				E26F40D819C0B95500527019 /* Sources */,
				E26F40D919C0B95500527019 /* Frameworks */,
				E26F40DA19C0B95500527019 /* Resources */,
				1702752A025C4F9EB24F2495 /* Copy Pods Resources */,
			);
			buildRules = (
			);
			dependencies = (
			);
			name = "Auto-Importer";
			productName = AutoImporter;
			productReference = E26F40DC19C0B95500527019 /* Auto-Importer.xcplugin */;
			productType = "com.apple.product-type.bundle";
		};
		E2AD80EE19C68DF8008D33E1 /* Auto-ImporterTests */ = {
			isa = PBXNativeTarget;
			buildConfigurationList = E2AD80FF19C68DF8008D33E1 /* Build configuration list for PBXNativeTarget "Auto-ImporterTests" */;
			buildPhases = (
				6E3A5B48AFA84A9CB2031C34 /* Check Pods Manifest.lock */,
				E2AD80EB19C68DF8008D33E1 /* Sources */,
				E2AD80EC19C68DF8008D33E1 /* Frameworks */,
				E2AD80ED19C68DF8008D33E1 /* Resources */,
				F1E15F27BCBE4A84A1C8C8A0 /* Copy Pods Resources */,
			);
			buildRules = (
			);
			dependencies = (
				E2AD80FC19C68DF8008D33E1 /* PBXTargetDependency */,
			);
			name = "Auto-ImporterTests";
			productName = AutoImporterTests;
			productReference = E2AD80EF19C68DF8008D33E1 /* Auto-ImporterTests.xctest */;
			productType = "com.apple.product-type.bundle.unit-test";
		};
/* End PBXNativeTarget section */

/* Begin PBXProject section */
		E26F40D419C0B95500527019 /* Project object */ = {
			isa = PBXProject;
			attributes = {
				CLASSPREFIX = LAF;
				LastUpgradeCheck = 0600;
				ORGANIZATIONNAME = luisfloreani.com;
				TargetAttributes = {
					E2AD80EE19C68DF8008D33E1 = {
						TestTargetID = E26F40DB19C0B95500527019;
					};
				};
			};
			buildConfigurationList = E26F40D719C0B95500527019 /* Build configuration list for PBXProject "AutoImporter" */;
			compatibilityVersion = "Xcode 3.2";
			developmentRegion = English;
			hasScannedForEncodings = 0;
			knownRegions = (
				en,
			);
			mainGroup = E26F40D319C0B95500527019;
			productRefGroup = E26F40DD19C0B95500527019 /* Products */;
			projectDirPath = "";
			projectRoot = "";
			targets = (
				E26F40DB19C0B95500527019 /* Auto-Importer */,
				E2AD80EE19C68DF8008D33E1 /* Auto-ImporterTests */,
			);
		};
/* End PBXProject section */

/* Begin PBXResourcesBuildPhase section */
		E26F40DA19C0B95500527019 /* Resources */ = {
			isa = PBXResourcesBuildPhase;
			buildActionMask = 2147483647;
			files = (
				E26F40E819C0B95500527019 /* InfoPlist.strings in Resources */,
				E264C7D319CC9BD700D8DAF7 /* LAFImportListView.xib in Resources */,
			);
			runOnlyForDeploymentPostprocessing = 0;
		};
		E2AD80ED19C68DF8008D33E1 /* Resources */ = {
			isa = PBXResourcesBuildPhase;
			buildActionMask = 2147483647;
			files = (
				E2AD80F719C68DF8008D33E1 /* InfoPlist.strings in Resources */,
				E264C7D419CC9BD700D8DAF7 /* LAFImportListView.xib in Resources */,
			);
			runOnlyForDeploymentPostprocessing = 0;
		};
/* End PBXResourcesBuildPhase section */

/* Begin PBXShellScriptBuildPhase section */
		1702752A025C4F9EB24F2495 /* Copy Pods Resources */ = {
			isa = PBXShellScriptBuildPhase;
			buildActionMask = 2147483647;
			files = (
			);
			inputPaths = (
			);
			name = "Copy Pods Resources";
			outputPaths = (
			);
			runOnlyForDeploymentPostprocessing = 0;
			shellPath = /bin/sh;
			shellScript = "\"${SRCROOT}/Pods/Target Support Files/Pods/Pods-resources.sh\"\n";
			showEnvVarsInLog = 0;
		};
		63FB692D67944E09B153F967 /* Check Pods Manifest.lock */ = {
			isa = PBXShellScriptBuildPhase;
			buildActionMask = 2147483647;
			files = (
			);
			inputPaths = (
			);
			name = "Check Pods Manifest.lock";
			outputPaths = (
			);
			runOnlyForDeploymentPostprocessing = 0;
			shellPath = /bin/sh;
			shellScript = "diff \"${PODS_ROOT}/../Podfile.lock\" \"${PODS_ROOT}/Manifest.lock\" > /dev/null\nif [[ $? != 0 ]] ; then\n    cat << EOM\nerror: The sandbox is not in sync with the Podfile.lock. Run 'pod install' or update your CocoaPods installation.\nEOM\n    exit 1\nfi\n";
			showEnvVarsInLog = 0;
		};
		6E3A5B48AFA84A9CB2031C34 /* Check Pods Manifest.lock */ = {
			isa = PBXShellScriptBuildPhase;
			buildActionMask = 2147483647;
			files = (
			);
			inputPaths = (
			);
			name = "Check Pods Manifest.lock";
			outputPaths = (
			);
			runOnlyForDeploymentPostprocessing = 0;
			shellPath = /bin/sh;
			shellScript = "diff \"${PODS_ROOT}/../Podfile.lock\" \"${PODS_ROOT}/Manifest.lock\" > /dev/null\nif [[ $? != 0 ]] ; then\n    cat << EOM\nerror: The sandbox is not in sync with the Podfile.lock. Run 'pod install' or update your CocoaPods installation.\nEOM\n    exit 1\nfi\n";
			showEnvVarsInLog = 0;
		};
		F1E15F27BCBE4A84A1C8C8A0 /* Copy Pods Resources */ = {
			isa = PBXShellScriptBuildPhase;
			buildActionMask = 2147483647;
			files = (
			);
			inputPaths = (
			);
			name = "Copy Pods Resources";
			outputPaths = (
			);
			runOnlyForDeploymentPostprocessing = 0;
			shellPath = /bin/sh;
			shellScript = "\"${SRCROOT}/Pods/Target Support Files/Pods/Pods-resources.sh\"\n";
			showEnvVarsInLog = 0;
		};
/* End PBXShellScriptBuildPhase section */

/* Begin PBXSourcesBuildPhase section */
		E26F40D819C0B95500527019 /* Sources */ = {
			isa = PBXSourcesBuildPhase;
			buildActionMask = 2147483647;
			files = (
				E2AD810219C690AD008D33E1 /* LAFProjectHeaderCache.m in Sources */,
				E2733B1C19C763BA00F55A20 /* LAFProjectsInspector.m in Sources */,
				E26F412019C0C52300527019 /* NSObject+MHLogMethods.m in Sources */,
				E22C5B3919DDB27C00F11123 /* LAFIDESourceCodeEditor.m in Sources */,
				E2D78B1919EFF052009C21B7 /* LAFCategoryProcessor.m in Sources */,
				E26F412119C0C52300527019 /* NSString+Extensions.m in Sources */,
				E26F413C19C0C56B00527019 /* XCWorkspace.m in Sources */,
				E26F411D19C0C52300527019 /* NSArray+Operations.m in Sources */,
				E26F413819C0C56B00527019 /* XCProject+Extensions.m in Sources */,
				E2D78B1119EFF030009C21B7 /* LAFElementProcessor.m in Sources */,
				E26F412419C0C52300527019 /* NSTextView+Operations.m in Sources */,
				E26F411F19C0C52300527019 /* NSMutableIndexSet+NSArray.m in Sources */,
				E2D78B2119EFF4B9009C21B7 /* LAFIdentifier.m in Sources */,
				E26F40EB19C0B95500527019 /* LAFAutoImporter.m in Sources */,
				E26F413A19C0C56B00527019 /* XCTarget+XCProject.m in Sources */,
				E26F411919C0C52300527019 /* DVTSourceTextStorage+Operations.m in Sources */,
				E2F5DFF919C1EBBA00666067 /* XCSourceFile+Path.m in Sources */,
				E26F411E19C0C52300527019 /* NSFileManager+Headers.m in Sources */,
				E26F413B19C0C56B00527019 /* XCBuildSettings.m in Sources */,
				E2631D0D19DC85E900C3B141 /* LAFIDENotificationHandler.m in Sources */,
				E264C7DB19CC9DEC00D8DAF7 /* LAFImportListView.m in Sources */,
				E26F412219C0C52300527019 /* NSString+Files.m in Sources */,
				E26F40F719C0C4DE00527019 /* MHXcodeDocumentNavigator.m in Sources */,
				E26F412519C0C52300527019 /* NSView+Dumping.m in Sources */,
				E26F413719C0C56B00527019 /* NSString+XCAdditions.m in Sources */,
				E2D78B1519EFF046009C21B7 /* LAFClassProcessor.m in Sources */,
				E26F412319C0C52300527019 /* NSString+MHNSRange.m in Sources */,
				E2D78B1D19EFF0AC009C21B7 /* LAFProtocolProcessor.m in Sources */,
				E264C7D719CC9CEA00D8DAF7 /* LAFImportListViewController.m in Sources */,
			);
			runOnlyForDeploymentPostprocessing = 0;
		};
		E2AD80EB19C68DF8008D33E1 /* Sources */ = {
			isa = PBXSourcesBuildPhase;
			buildActionMask = 2147483647;
			files = (
				E2AD810C19C69561008D33E1 /* NSMutableIndexSet+NSArray.m in Sources */,
				E2733B1D19C763BA00F55A20 /* LAFProjectsInspector.m in Sources */,
				E2AD810419C69549008D33E1 /* NSString+XCAdditions.m in Sources */,
				E2D78B1219EFF030009C21B7 /* LAFElementProcessor.m in Sources */,
				E2AD811119C69561008D33E1 /* NSTextView+Operations.m in Sources */,
				E2631D0E19DC85E900C3B141 /* LAFIDENotificationHandler.m in Sources */,
				E2AD810E19C69561008D33E1 /* NSString+Extensions.m in Sources */,
				E2AD811419C6958E008D33E1 /* MHXcodeDocumentNavigator.m in Sources */,
				E29ED2AA19C9FA65002EF155 /* LAFProjectsInspectorTests.m in Sources */,
				E29ED2AD19C9FA91002EF155 /* LAFTestCase.m in Sources */,
				E2AD810619C6954E008D33E1 /* XCTarget+XCProject.m in Sources */,
				E2AD80F919C68DF8008D33E1 /* LAFProjectHeaderCacheTests.m in Sources */,
				E2AD810A19C69561008D33E1 /* NSArray+Operations.m in Sources */,
				E264C7DC19CC9DEC00D8DAF7 /* LAFImportListView.m in Sources */,
				E22C5B3A19DDB27C00F11123 /* LAFIDESourceCodeEditor.m in Sources */,
				E2AD810519C6954B008D33E1 /* XCProject+Extensions.m in Sources */,
				E2AD810B19C69561008D33E1 /* NSFileManager+Headers.m in Sources */,
				E2AD811219C69561008D33E1 /* NSView+Dumping.m in Sources */,
				E264C7D819CC9CEA00D8DAF7 /* LAFImportListViewController.m in Sources */,
				E2AD811319C69561008D33E1 /* XCSourceFile+Path.m in Sources */,
				E2D78B1E19EFF0AC009C21B7 /* LAFProtocolProcessor.m in Sources */,
				E2AD810919C69561008D33E1 /* DVTSourceTextStorage+Operations.m in Sources */,
				E2D78B2219EFF4B9009C21B7 /* LAFIdentifier.m in Sources */,
				E2AD810D19C69561008D33E1 /* NSObject+MHLogMethods.m in Sources */,
				E2AD810819C69554008D33E1 /* XCWorkspace.m in Sources */,
				E2AD811019C69561008D33E1 /* NSString+MHNSRange.m in Sources */,
				E2AD810719C69554008D33E1 /* XCBuildSettings.m in Sources */,
				E2D78B1A19EFF052009C21B7 /* LAFCategoryProcessor.m in Sources */,
				E2AD810319C690AD008D33E1 /* LAFProjectHeaderCache.m in Sources */,
				E2AD810F19C69561008D33E1 /* NSString+Files.m in Sources */,
				E2D78B1619EFF046009C21B7 /* LAFClassProcessor.m in Sources */,
			);
			runOnlyForDeploymentPostprocessing = 0;
		};
/* End PBXSourcesBuildPhase section */

/* Begin PBXTargetDependency section */
		E2AD80FC19C68DF8008D33E1 /* PBXTargetDependency */ = {
			isa = PBXTargetDependency;
			target = E26F40DB19C0B95500527019 /* Auto-Importer */;
			targetProxy = E2AD80FB19C68DF8008D33E1 /* PBXContainerItemProxy */;
		};
/* End PBXTargetDependency section */

/* Begin PBXVariantGroup section */
		E26F40E619C0B95500527019 /* InfoPlist.strings */ = {
			isa = PBXVariantGroup;
			children = (
				E26F40E719C0B95500527019 /* en */,
			);
			name = InfoPlist.strings;
			sourceTree = "<group>";
		};
		E2AD80F519C68DF8008D33E1 /* InfoPlist.strings */ = {
			isa = PBXVariantGroup;
			children = (
				E2AD80F619C68DF8008D33E1 /* en */,
			);
			name = InfoPlist.strings;
			sourceTree = "<group>";
		};
/* End PBXVariantGroup section */

/* Begin XCBuildConfiguration section */
		E26F40ED19C0B95500527019 /* Debug */ = {
			isa = XCBuildConfiguration;
			buildSettings = {
				ALWAYS_SEARCH_USER_PATHS = NO;
				CLANG_CXX_LANGUAGE_STANDARD = "gnu++0x";
				CLANG_CXX_LIBRARY = "libc++";
				CLANG_ENABLE_MODULES = YES;
				CLANG_ENABLE_OBJC_ARC = YES;
				CLANG_WARN_BOOL_CONVERSION = YES;
				CLANG_WARN_CONSTANT_CONVERSION = YES;
				CLANG_WARN_DIRECT_OBJC_ISA_USAGE = YES_ERROR;
				CLANG_WARN_EMPTY_BODY = YES;
				CLANG_WARN_ENUM_CONVERSION = YES;
				CLANG_WARN_INT_CONVERSION = YES;
				CLANG_WARN_OBJC_ROOT_CLASS = YES_ERROR;
				CLANG_WARN__DUPLICATE_METHOD_MATCH = YES;
				COPY_PHASE_STRIP = NO;
				GCC_C_LANGUAGE_STANDARD = gnu99;
				GCC_DYNAMIC_NO_PIC = NO;
				GCC_ENABLE_OBJC_EXCEPTIONS = YES;
				GCC_OPTIMIZATION_LEVEL = 0;
				GCC_PREPROCESSOR_DEFINITIONS = (
					"DEBUG=1",
					"$(inherited)",
				);
				GCC_SYMBOLS_PRIVATE_EXTERN = NO;
				GCC_WARN_64_TO_32_BIT_CONVERSION = YES;
				GCC_WARN_ABOUT_RETURN_TYPE = YES_ERROR;
				GCC_WARN_UNDECLARED_SELECTOR = YES;
				GCC_WARN_UNINITIALIZED_AUTOS = YES_AGGRESSIVE;
				GCC_WARN_UNUSED_FUNCTION = YES;
				GCC_WARN_UNUSED_VARIABLE = YES;
				MACOSX_DEPLOYMENT_TARGET = 10.9;
				ONLY_ACTIVE_ARCH = YES;
				SDKROOT = macosx;
			};
			name = Debug;
		};
		E26F40EE19C0B95500527019 /* Release */ = {
			isa = XCBuildConfiguration;
			buildSettings = {
				ALWAYS_SEARCH_USER_PATHS = NO;
				CLANG_CXX_LANGUAGE_STANDARD = "gnu++0x";
				CLANG_CXX_LIBRARY = "libc++";
				CLANG_ENABLE_MODULES = YES;
				CLANG_ENABLE_OBJC_ARC = YES;
				CLANG_WARN_BOOL_CONVERSION = YES;
				CLANG_WARN_CONSTANT_CONVERSION = YES;
				CLANG_WARN_DIRECT_OBJC_ISA_USAGE = YES_ERROR;
				CLANG_WARN_EMPTY_BODY = YES;
				CLANG_WARN_ENUM_CONVERSION = YES;
				CLANG_WARN_INT_CONVERSION = YES;
				CLANG_WARN_OBJC_ROOT_CLASS = YES_ERROR;
				CLANG_WARN__DUPLICATE_METHOD_MATCH = YES;
				COPY_PHASE_STRIP = YES;
				DEBUG_INFORMATION_FORMAT = "dwarf-with-dsym";
				ENABLE_NS_ASSERTIONS = NO;
				GCC_C_LANGUAGE_STANDARD = gnu99;
				GCC_ENABLE_OBJC_EXCEPTIONS = YES;
				GCC_WARN_64_TO_32_BIT_CONVERSION = YES;
				GCC_WARN_ABOUT_RETURN_TYPE = YES_ERROR;
				GCC_WARN_UNDECLARED_SELECTOR = YES;
				GCC_WARN_UNINITIALIZED_AUTOS = YES_AGGRESSIVE;
				GCC_WARN_UNUSED_FUNCTION = YES;
				GCC_WARN_UNUSED_VARIABLE = YES;
				MACOSX_DEPLOYMENT_TARGET = 10.9;
				SDKROOT = macosx;
			};
			name = Release;
		};
		E26F40F019C0B95500527019 /* Debug */ = {
			isa = XCBuildConfiguration;
			baseConfigurationReference = 4E530B97FAF5EFF3B02DAA89 /* Pods.debug.xcconfig */;
			buildSettings = {
				COMBINE_HIDPI_IMAGES = YES;
				DEPLOYMENT_LOCATION = YES;
				DSTROOT = "$(HOME)";
				GCC_PRECOMPILE_PREFIX_HEADER = YES;
				GCC_PREFIX_HEADER = "AutoImporter/AutoImporter-Prefix.pch";
				INFOPLIST_FILE = "AutoImporter/AutoImporter-Info.plist";
				INSTALL_PATH = "/Library/Application Support/Developer/Shared/Xcode/Plug-ins";
				PRODUCT_NAME = "$(TARGET_NAME)";
				WRAPPER_EXTENSION = xcplugin;
			};
			name = Debug;
		};
		E26F40F119C0B95500527019 /* Release */ = {
			isa = XCBuildConfiguration;
			baseConfigurationReference = 845E8E503B30B9CA14DF168F /* Pods.release.xcconfig */;
			buildSettings = {
				COMBINE_HIDPI_IMAGES = YES;
				DEPLOYMENT_LOCATION = YES;
				DSTROOT = "$(HOME)";
				GCC_PRECOMPILE_PREFIX_HEADER = YES;
				GCC_PREFIX_HEADER = "AutoImporter/AutoImporter-Prefix.pch";
				INFOPLIST_FILE = "AutoImporter/AutoImporter-Info.plist";
				INSTALL_PATH = "/Library/Application Support/Developer/Shared/Xcode/Plug-ins";
				PRODUCT_NAME = "$(TARGET_NAME)";
				WRAPPER_EXTENSION = xcplugin;
			};
			name = Release;
		};
		E2AD80FD19C68DF8008D33E1 /* Debug */ = {
			isa = XCBuildConfiguration;
			baseConfigurationReference = 4E530B97FAF5EFF3B02DAA89 /* Pods.debug.xcconfig */;
			buildSettings = {
				COMBINE_HIDPI_IMAGES = YES;
				FRAMEWORK_SEARCH_PATHS = (
					"$(DEVELOPER_FRAMEWORKS_DIR)",
					"$(inherited)",
				);
				GCC_PRECOMPILE_PREFIX_HEADER = YES;
				GCC_PREFIX_HEADER = "AutoImporterTests/AutoImporterTests-Prefix.pch";
				GCC_PREPROCESSOR_DEFINITIONS = (
					"DEBUG=1",
					"$(inherited)",
				);
				INFOPLIST_FILE = "AutoImporterTests/AutoImporterTests-Info.plist";
				LIBRARY_SEARCH_PATHS = (
					"$(inherited)",
					"$(USER_LIBRARY_DIR)/Developer/Xcode/DerivedData/AutoImporter-cceunrmpqmnhdigbhxyrqyfmkjee/Build/Products/Debug",
				);
				PRODUCT_NAME = "$(TARGET_NAME)";
				WRAPPER_EXTENSION = xctest;
			};
			name = Debug;
		};
		E2AD80FE19C68DF8008D33E1 /* Release */ = {
			isa = XCBuildConfiguration;
			baseConfigurationReference = 845E8E503B30B9CA14DF168F /* Pods.release.xcconfig */;
			buildSettings = {
				COMBINE_HIDPI_IMAGES = YES;
				FRAMEWORK_SEARCH_PATHS = (
					"$(DEVELOPER_FRAMEWORKS_DIR)",
					"$(inherited)",
				);
				GCC_PRECOMPILE_PREFIX_HEADER = YES;
				GCC_PREFIX_HEADER = "AutoImporterTests/AutoImporterTests-Prefix.pch";
				INFOPLIST_FILE = "AutoImporterTests/AutoImporterTests-Info.plist";
				LIBRARY_SEARCH_PATHS = (
					"$(inherited)",
					"$(USER_LIBRARY_DIR)/Developer/Xcode/DerivedData/AutoImporter-cceunrmpqmnhdigbhxyrqyfmkjee/Build/Products/Debug",
				);
				PRODUCT_NAME = "$(TARGET_NAME)";
				WRAPPER_EXTENSION = xctest;
			};
			name = Release;
		};
/* End XCBuildConfiguration section */

/* Begin XCConfigurationList section */
		E26F40D719C0B95500527019 /* Build configuration list for PBXProject "AutoImporter" */ = {
			isa = XCConfigurationList;
			buildConfigurations = (
				E26F40ED19C0B95500527019 /* Debug */,
				E26F40EE19C0B95500527019 /* Release */,
			);
			defaultConfigurationIsVisible = 0;
			defaultConfigurationName = Release;
		};
		E26F40EF19C0B95500527019 /* Build configuration list for PBXNativeTarget "Auto-Importer" */ = {
			isa = XCConfigurationList;
			buildConfigurations = (
				E26F40F019C0B95500527019 /* Debug */,
				E26F40F119C0B95500527019 /* Release */,
			);
			defaultConfigurationIsVisible = 0;
			defaultConfigurationName = Release;
		};
		E2AD80FF19C68DF8008D33E1 /* Build configuration list for PBXNativeTarget "Auto-ImporterTests" */ = {
			isa = XCConfigurationList;
			buildConfigurations = (
				E2AD80FD19C68DF8008D33E1 /* Debug */,
				E2AD80FE19C68DF8008D33E1 /* Release */,
			);
			defaultConfigurationIsVisible = 0;
			defaultConfigurationName = Release;
		};
/* End XCConfigurationList section */
	};
	rootObject = E26F40D419C0B95500527019 /* Project object */;
}
