// !$*UTF8*$!
{
	archiveVersion = 1;
	classes = {
	};
	objectVersion = 46;
	objects = {

/* Begin PBXBuildFile section */
		E23813CE19A65E5100EB5794 /* main.swift in Sources */ = {isa = PBXBuildFile; fileRef = E23813CA19A65E5100EB5794 /* main.swift */; };
		E23813DA19A660DE00EB5794 /* AutoImportTests.swift in Sources */ = {isa = PBXBuildFile; fileRef = E23813D919A660DE00EB5794 /* AutoImportTests.swift */; };
		E23813E019A66ACF00EB5794 /* FileContents.swift in Sources */ = {isa = PBXBuildFile; fileRef = E23813DF19A66ACF00EB5794 /* FileContents.swift */; };
		E23813E119A66B5C00EB5794 /* FileContents.swift in Sources */ = {isa = PBXBuildFile; fileRef = E23813DF19A66ACF00EB5794 /* FileContents.swift */; };
/* End PBXBuildFile section */

/* Begin PBXCopyFilesBuildPhase section */
		E23813BC19A65E0800EB5794 /* CopyFiles */ = {
			isa = PBXCopyFilesBuildPhase;
			buildActionMask = 12;
			dstPath = files;
			dstSubfolderSpec = 16;
			files = (
			);
			runOnlyForDeploymentPostprocessing = 0;
		};
/* End PBXCopyFilesBuildPhase section */

/* Begin PBXFileReference section */
		E23813BE19A65E0800EB5794 /* AutoImporter */ = {isa = PBXFileReference; explicitFileType = "compiled.mach-o.executable"; includeInIndex = 0; path = AutoImporter; sourceTree = BUILT_PRODUCTS_DIR; };
		E23813CA19A65E5100EB5794 /* main.swift */ = {isa = PBXFileReference; fileEncoding = 4; lastKnownFileType = sourcecode.swift; name = main.swift; path = src/main.swift; sourceTree = SOURCE_ROOT; };
		E23813D519A660DE00EB5794 /* AutoImportTests.xctest */ = {isa = PBXFileReference; explicitFileType = wrapper.cfbundle; includeInIndex = 0; path = AutoImportTests.xctest; sourceTree = BUILT_PRODUCTS_DIR; };
		E23813D819A660DE00EB5794 /* Info.plist */ = {isa = PBXFileReference; lastKnownFileType = text.plist.xml; path = Info.plist; sourceTree = "<group>"; };
		E23813D919A660DE00EB5794 /* AutoImportTests.swift */ = {isa = PBXFileReference; lastKnownFileType = sourcecode.swift; path = AutoImportTests.swift; sourceTree = "<group>"; };
		E23813DF19A66ACF00EB5794 /* FileContents.swift */ = {isa = PBXFileReference; fileEncoding = 4; lastKnownFileType = sourcecode.swift; name = FileContents.swift; path = src/FileContents.swift; sourceTree = SOURCE_ROOT; };
/* End PBXFileReference section */

/* Begin PBXFrameworksBuildPhase section */
		E23813BB19A65E0800EB5794 /* Frameworks */ = {
			isa = PBXFrameworksBuildPhase;
			buildActionMask = 2147483647;
			files = (
			);
			runOnlyForDeploymentPostprocessing = 0;
		};
		E23813D219A660DE00EB5794 /* Frameworks */ = {
			isa = PBXFrameworksBuildPhase;
			buildActionMask = 2147483647;
			files = (
			);
			runOnlyForDeploymentPostprocessing = 0;
		};
/* End PBXFrameworksBuildPhase section */

/* Begin PBXGroup section */
		E23813B519A65E0800EB5794 = {
			isa = PBXGroup;
			children = (
				E23813C019A65E0800EB5794 /* AutoImporter */,
				E23813D619A660DE00EB5794 /* AutoImportTests */,
				E23813BF19A65E0800EB5794 /* Products */,
			);
			sourceTree = "<group>";
		};
		E23813BF19A65E0800EB5794 /* Products */ = {
			isa = PBXGroup;
			children = (
				E23813BE19A65E0800EB5794 /* AutoImporter */,
				E23813D519A660DE00EB5794 /* AutoImportTests.xctest */,
			);
			name = Products;
			sourceTree = "<group>";
		};
		E23813C019A65E0800EB5794 /* AutoImporter */ = {
			isa = PBXGroup;
			children = (
				E23813CA19A65E5100EB5794 /* main.swift */,
				E23813DF19A66ACF00EB5794 /* FileContents.swift */,
			);
			path = AutoImporter;
			sourceTree = "<group>";
		};
		E23813D619A660DE00EB5794 /* AutoImportTests */ = {
			isa = PBXGroup;
			children = (
				E23813D919A660DE00EB5794 /* AutoImportTests.swift */,
				E23813D719A660DE00EB5794 /* Supporting Files */,
			);
			path = AutoImportTests;
			sourceTree = "<group>";
		};
		E23813D719A660DE00EB5794 /* Supporting Files */ = {
			isa = PBXGroup;
			children = (
				E23813D819A660DE00EB5794 /* Info.plist */,
			);
			name = "Supporting Files";
			sourceTree = "<group>";
		};
/* End PBXGroup section */

/* Begin PBXNativeTarget section */
		E23813BD19A65E0800EB5794 /* AutoImporter */ = {
			isa = PBXNativeTarget;
			buildConfigurationList = E23813C519A65E0800EB5794 /* Build configuration list for PBXNativeTarget "AutoImporter" */;
			buildPhases = (
				E23813BA19A65E0800EB5794 /* Sources */,
				E23813BB19A65E0800EB5794 /* Frameworks */,
				E23813BC19A65E0800EB5794 /* CopyFiles */,
			);
			buildRules = (
			);
			dependencies = (
			);
			name = AutoImporter;
			productName = AutoImporter;
			productReference = E23813BE19A65E0800EB5794 /* AutoImporter */;
			productType = "com.apple.product-type.tool";
		};
		E23813D419A660DE00EB5794 /* AutoImportTests */ = {
			isa = PBXNativeTarget;
			buildConfigurationList = E23813DB19A660DE00EB5794 /* Build configuration list for PBXNativeTarget "AutoImportTests" */;
			buildPhases = (
				E23813D119A660DE00EB5794 /* Sources */,
				E23813D219A660DE00EB5794 /* Frameworks */,
				E23813D319A660DE00EB5794 /* Resources */,
			);
			buildRules = (
			);
			dependencies = (
			);
			name = AutoImportTests;
			productName = AutoImportTests;
			productReference = E23813D519A660DE00EB5794 /* AutoImportTests.xctest */;
			productType = "com.apple.product-type.bundle.unit-test";
		};
/* End PBXNativeTarget section */

/* Begin PBXProject section */
		E23813B619A65E0800EB5794 /* Project object */ = {
			isa = PBXProject;
			attributes = {
				LastUpgradeCheck = 0600;
				ORGANIZATIONNAME = luisfloreani.com;
				TargetAttributes = {
					E23813BD19A65E0800EB5794 = {
						CreatedOnToolsVersion = 6.0;
					};
					E23813D419A660DE00EB5794 = {
						CreatedOnToolsVersion = 6.0;
					};
				};
			};
			buildConfigurationList = E23813B919A65E0800EB5794 /* Build configuration list for PBXProject "AutoImporter" */;
			compatibilityVersion = "Xcode 3.2";
			developmentRegion = English;
			hasScannedForEncodings = 0;
			knownRegions = (
				en,
			);
			mainGroup = E23813B519A65E0800EB5794;
			productRefGroup = E23813BF19A65E0800EB5794 /* Products */;
			projectDirPath = "";
			projectRoot = "";
			targets = (
				E23813BD19A65E0800EB5794 /* AutoImporter */,
				E23813D419A660DE00EB5794 /* AutoImportTests */,
			);
		};
/* End PBXProject section */

/* Begin PBXResourcesBuildPhase section */
		E23813D319A660DE00EB5794 /* Resources */ = {
			isa = PBXResourcesBuildPhase;
			buildActionMask = 2147483647;
			files = (
			);
			runOnlyForDeploymentPostprocessing = 0;
		};
/* End PBXResourcesBuildPhase section */

/* Begin PBXSourcesBuildPhase section */
		E23813BA19A65E0800EB5794 /* Sources */ = {
			isa = PBXSourcesBuildPhase;
			buildActionMask = 2147483647;
			files = (
				E23813CE19A65E5100EB5794 /* main.swift in Sources */,
				E23813E019A66ACF00EB5794 /* FileContents.swift in Sources */,
			);
			runOnlyForDeploymentPostprocessing = 0;
		};
		E23813D119A660DE00EB5794 /* Sources */ = {
			isa = PBXSourcesBuildPhase;
			buildActionMask = 2147483647;
			files = (
				E23813DA19A660DE00EB5794 /* AutoImportTests.swift in Sources */,
				E23813E119A66B5C00EB5794 /* FileContents.swift in Sources */,
			);
			runOnlyForDeploymentPostprocessing = 0;
		};
/* End PBXSourcesBuildPhase section */

/* Begin XCBuildConfiguration section */
		E23813C319A65E0800EB5794 /* Debug */ = {
			isa = XCBuildConfiguration;
			buildSettings = {
				ALWAYS_SEARCH_USER_PATHS = NO;
				CLANG_CXX_LANGUAGE_STANDARD = "gnu++0x";
				CLANG_CXX_LIBRARY = "libc++";
				CLANG_ENABLE_MODULES = YES;
				CLANG_ENABLE_OBJC_ARC = YES;
				CLANG_WARN_BOOL_CONVERSION = YES;
				CLANG_WARN_CONSTANT_CONVERSION = YES;
				CLANG_WARN_DIRECT_OBJC_ISA_USAGE = YES_ERROR;
				CLANG_WARN_EMPTY_BODY = YES;
				CLANG_WARN_ENUM_CONVERSION = YES;
				CLANG_WARN_INT_CONVERSION = YES;
				CLANG_WARN_OBJC_ROOT_CLASS = YES_ERROR;
				CLANG_WARN_UNREACHABLE_CODE = YES;
				CLANG_WARN__DUPLICATE_METHOD_MATCH = YES;
				COPY_PHASE_STRIP = NO;
				ENABLE_STRICT_OBJC_MSGSEND = YES;
				GCC_C_LANGUAGE_STANDARD = gnu99;
				GCC_DYNAMIC_NO_PIC = NO;
				GCC_OPTIMIZATION_LEVEL = 0;
				GCC_PREPROCESSOR_DEFINITIONS = (
					"DEBUG=1",
					"$(inherited)",
				);
				GCC_SYMBOLS_PRIVATE_EXTERN = NO;
				GCC_WARN_64_TO_32_BIT_CONVERSION = YES;
				GCC_WARN_ABOUT_RETURN_TYPE = YES_ERROR;
				GCC_WARN_UNDECLARED_SELECTOR = YES;
				GCC_WARN_UNINITIALIZED_AUTOS = YES_AGGRESSIVE;
				GCC_WARN_UNUSED_FUNCTION = YES;
				GCC_WARN_UNUSED_VARIABLE = YES;
				MACOSX_DEPLOYMENT_TARGET = 10.9;
				MTL_ENABLE_DEBUG_INFO = YES;
				ONLY_ACTIVE_ARCH = YES;
				SDKROOT = macosx;
				SWIFT_OPTIMIZATION_LEVEL = "-Onone";
			};
			name = Debug;
		};
		E23813C419A65E0800EB5794 /* Release */ = {
			isa = XCBuildConfiguration;
			buildSettings = {
				ALWAYS_SEARCH_USER_PATHS = NO;
				CLANG_CXX_LANGUAGE_STANDARD = "gnu++0x";
				CLANG_CXX_LIBRARY = "libc++";
				CLANG_ENABLE_MODULES = YES;
				CLANG_ENABLE_OBJC_ARC = YES;
				CLANG_WARN_BOOL_CONVERSION = YES;
				CLANG_WARN_CONSTANT_CONVERSION = YES;
				CLANG_WARN_DIRECT_OBJC_ISA_USAGE = YES_ERROR;
				CLANG_WARN_EMPTY_BODY = YES;
				CLANG_WARN_ENUM_CONVERSION = YES;
				CLANG_WARN_INT_CONVERSION = YES;
				CLANG_WARN_OBJC_ROOT_CLASS = YES_ERROR;
				CLANG_WARN_UNREACHABLE_CODE = YES;
				CLANG_WARN__DUPLICATE_METHOD_MATCH = YES;
				COPY_PHASE_STRIP = YES;
				DEBUG_INFORMATION_FORMAT = "dwarf-with-dsym";
				ENABLE_NS_ASSERTIONS = NO;
				ENABLE_STRICT_OBJC_MSGSEND = YES;
				GCC_C_LANGUAGE_STANDARD = gnu99;
				GCC_WARN_64_TO_32_BIT_CONVERSION = YES;
				GCC_WARN_ABOUT_RETURN_TYPE = YES_ERROR;
				GCC_WARN_UNDECLARED_SELECTOR = YES;
				GCC_WARN_UNINITIALIZED_AUTOS = YES_AGGRESSIVE;
				GCC_WARN_UNUSED_FUNCTION = YES;
				GCC_WARN_UNUSED_VARIABLE = YES;
				MACOSX_DEPLOYMENT_TARGET = 10.9;
				MTL_ENABLE_DEBUG_INFO = NO;
				SDKROOT = macosx;
			};
			name = Release;
		};
		E23813C619A65E0800EB5794 /* Debug */ = {
			isa = XCBuildConfiguration;
			buildSettings = {
				PRODUCT_NAME = "$(TARGET_NAME)";
			};
			name = Debug;
		};
		E23813C719A65E0800EB5794 /* Release */ = {
			isa = XCBuildConfiguration;
			buildSettings = {
				PRODUCT_NAME = "$(TARGET_NAME)";
			};
			name = Release;
		};
		E23813DC19A660DE00EB5794 /* Debug */ = {
			isa = XCBuildConfiguration;
			buildSettings = {
				COMBINE_HIDPI_IMAGES = YES;
				FRAMEWORK_SEARCH_PATHS = (
					"$(DEVELOPER_FRAMEWORKS_DIR)",
					"$(inherited)",
				);
				GCC_PREPROCESSOR_DEFINITIONS = (
					"DEBUG=1",
					"$(inherited)",
				);
				INFOPLIST_FILE = AutoImportTests/Info.plist;
				LD_RUNPATH_SEARCH_PATHS = "$(inherited) @executable_path/../Frameworks @loader_path/../Frameworks";
				PRODUCT_NAME = "$(TARGET_NAME)";
			};
			name = Debug;
		};
		E23813DD19A660DE00EB5794 /* Release */ = {
			isa = XCBuildConfiguration;
			buildSettings = {
				COMBINE_HIDPI_IMAGES = YES;
				FRAMEWORK_SEARCH_PATHS = (
					"$(DEVELOPER_FRAMEWORKS_DIR)",
					"$(inherited)",
				);
				INFOPLIST_FILE = AutoImportTests/Info.plist;
				LD_RUNPATH_SEARCH_PATHS = "$(inherited) @executable_path/../Frameworks @loader_path/../Frameworks";
				PRODUCT_NAME = "$(TARGET_NAME)";
			};
			name = Release;
		};
/* End XCBuildConfiguration section */

/* Begin XCConfigurationList section */
		E23813B919A65E0800EB5794 /* Build configuration list for PBXProject "AutoImporter" */ = {
			isa = XCConfigurationList;
			buildConfigurations = (
				E23813C319A65E0800EB5794 /* Debug */,
				E23813C419A65E0800EB5794 /* Release */,
			);
			defaultConfigurationIsVisible = 0;
			defaultConfigurationName = Release;
		};
		E23813C519A65E0800EB5794 /* Build configuration list for PBXNativeTarget "AutoImporter" */ = {
			isa = XCConfigurationList;
			buildConfigurations = (
				E23813C619A65E0800EB5794 /* Debug */,
				E23813C719A65E0800EB5794 /* Release */,
			);
			defaultConfigurationIsVisible = 0;
			defaultConfigurationName = Release;
		};
		E23813DB19A660DE00EB5794 /* Build configuration list for PBXNativeTarget "AutoImportTests" */ = {
			isa = XCConfigurationList;
			buildConfigurations = (
				E23813DC19A660DE00EB5794 /* Debug */,
				E23813DD19A660DE00EB5794 /* Release */,
			);
			defaultConfigurationIsVisible = 0;
		};
/* End XCConfigurationList section */
	};
	rootObject = E23813B619A65E0800EB5794 /* Project object */;
}
